
Microsoft Visual Studio Solution File, Format Version 12.00
# Visual Studio Version 16
VisualStudioVersion = 16.0.28705.295
MinimumVisualStudioVersion = 10.0.40219.1
Project("{9A19103F-16F7-4668-BE54-9A1E7A4F7556}") = "WordClock", "WordClock\WordClock.csproj", "{AE33EEB3-D11E-4984-964B-4756224FC107}"
EndProject
Project("{9A19103F-16F7-4668-BE54-9A1E7A4F7556}") = "Tests", "Tests\Tests.csproj", "{D21B84D0-AC1E-40C2-A17A-211330B5DF9A}"
EndProject
Global
	GlobalSection(SolutionConfigurationPlatforms) = preSolution
		Debug|Any CPU = Debug|Any CPU
		Release|Any CPU = Release|Any CPU
	EndGlobalSection
	GlobalSection(ProjectConfigurationPlatforms) = postSolution
		{AE33EEB3-D11E-4984-964B-4756224FC107}.Debug|Any CPU.ActiveCfg = Debug|Any CPU
		{AE33EEB3-D11E-4984-964B-4756224FC107}.Debug|Any CPU.Build.0 = Debug|Any CPU
		{AE33EEB3-D11E-4984-964B-4756224FC107}.Release|Any CPU.ActiveCfg = Release|Any CPU
		{AE33EEB3-D11E-4984-964B-4756224FC107}.Release|Any CPU.Build.0 = Release|Any CPU
		{D21B84D0-AC1E-40C2-A17A-211330B5DF9A}.Debug|Any CPU.ActiveCfg = Debug|Any CPU
		{D21B84D0-AC1E-40C2-A17A-211330B5DF9A}.Debug|Any CPU.Build.0 = Debug|Any CPU
		{D21B84D0-AC1E-40C2-A17A-211330B5DF9A}.Release|Any CPU.ActiveCfg = Release|Any CPU
		{D21B84D0-AC1E-40C2-A17A-211330B5DF9A}.Release|Any CPU.Build.0 = Release|Any CPU
	EndGlobalSection
	GlobalSection(SolutionProperties) = preSolution
		HideSolutionNode = FALSE
	EndGlobalSection
	GlobalSection(ExtensibilityGlobals) = postSolution
		SolutionGuid = {01014FC0-3D35-4A6C-96AF-D4991A4C20A7}
	EndGlobalSection
EndGlobal
